
Microsoft Visual Studio Solution File, Format Version 12.00
# Visual Studio Version 16
VisualStudioVersion = 16.0.30517.126
MinimumVisualStudioVersion = 10.0.40219.1
Project("{9A19103F-16F7-4668-BE54-9A1E7A4F7556}") = "AAUtil", "aautil\AAUtil.csproj", "{C2922F52-A97E-45DB-8547-FA96313D725C}"
EndProject
Project("{FAE04EC0-301F-11D3-BF4B-00C04F79EFBC}") = "AAUtil.UnitTest", "aautil.UnitTest\AAUtil.UnitTest.csproj", "{826EC0C2-F93E-4DEE-9127-03F504C6C2C7}"
EndProject
Project("{FAE04EC0-301F-11D3-BF4B-00C04F79EFBC}") = "AAUtil.WinForm", "aautil.WinForm\AAUtil.WinForm.csproj", "{400B7E49-8D52-43AE-8C0A-2F6D2B8962F3}"
EndProject
Project("{9A19103F-16F7-4668-BE54-9A1E7A4F7556}") = "AAUtil.MailKit", "aautil.MailKit\AAUtil.MailKit.csproj", "{FC289A8E-30B8-4F16-B1AB-082F8B5CEF5C}"
EndProject
Global
	GlobalSection(SolutionConfigurationPlatforms) = preSolution
		Debug|Any CPU = Debug|Any CPU
		Debug|x64 = Debug|x64
		Debug|x86 = Debug|x86
		Release|Any CPU = Release|Any CPU
		Release|x64 = Release|x64
		Release|x86 = Release|x86
	EndGlobalSection
	GlobalSection(ProjectConfigurationPlatforms) = postSolution
		{C2922F52-A97E-45DB-8547-FA96313D725C}.Debug|Any CPU.ActiveCfg = Debug|Any CPU
		{C2922F52-A97E-45DB-8547-FA96313D725C}.Debug|Any CPU.Build.0 = Debug|Any CPU
		{C2922F52-A97E-45DB-8547-FA96313D725C}.Debug|x64.ActiveCfg = Debug|Any CPU
		{C2922F52-A97E-45DB-8547-FA96313D725C}.Debug|x64.Build.0 = Debug|Any CPU
		{C2922F52-A97E-45DB-8547-FA96313D725C}.Debug|x86.ActiveCfg = Debug|Any CPU
		{C2922F52-A97E-45DB-8547-FA96313D725C}.Debug|x86.Build.0 = Debug|Any CPU
		{C2922F52-A97E-45DB-8547-FA96313D725C}.Release|Any CPU.ActiveCfg = Release|Any CPU
		{C2922F52-A97E-45DB-8547-FA96313D725C}.Release|Any CPU.Build.0 = Release|Any CPU
		{C2922F52-A97E-45DB-8547-FA96313D725C}.Release|x64.ActiveCfg = Release|Any CPU
		{C2922F52-A97E-45DB-8547-FA96313D725C}.Release|x64.Build.0 = Release|Any CPU
		{C2922F52-A97E-45DB-8547-FA96313D725C}.Release|x86.ActiveCfg = Release|Any CPU
		{C2922F52-A97E-45DB-8547-FA96313D725C}.Release|x86.Build.0 = Release|Any CPU
		{826EC0C2-F93E-4DEE-9127-03F504C6C2C7}.Debug|Any CPU.ActiveCfg = Debug|Any CPU
		{826EC0C2-F93E-4DEE-9127-03F504C6C2C7}.Debug|Any CPU.Build.0 = Debug|Any CPU
		{826EC0C2-F93E-4DEE-9127-03F504C6C2C7}.Debug|x64.ActiveCfg = Debug|Any CPU
		{826EC0C2-F93E-4DEE-9127-03F504C6C2C7}.Debug|x64.Build.0 = Debug|Any CPU
		{826EC0C2-F93E-4DEE-9127-03F504C6C2C7}.Debug|x86.ActiveCfg = Debug|Any CPU
		{826EC0C2-F93E-4DEE-9127-03F504C6C2C7}.Debug|x86.Build.0 = Debug|Any CPU
		{826EC0C2-F93E-4DEE-9127-03F504C6C2C7}.Release|Any CPU.ActiveCfg = Release|Any CPU
		{826EC0C2-F93E-4DEE-9127-03F504C6C2C7}.Release|Any CPU.Build.0 = Release|Any CPU
		{826EC0C2-F93E-4DEE-9127-03F504C6C2C7}.Release|x64.ActiveCfg = Release|Any CPU
		{826EC0C2-F93E-4DEE-9127-03F504C6C2C7}.Release|x64.Build.0 = Release|Any CPU
		{826EC0C2-F93E-4DEE-9127-03F504C6C2C7}.Release|x86.ActiveCfg = Release|Any CPU
		{826EC0C2-F93E-4DEE-9127-03F504C6C2C7}.Release|x86.Build.0 = Release|Any CPU
		{400B7E49-8D52-43AE-8C0A-2F6D2B8962F3}.Debug|Any CPU.ActiveCfg = Debug|Any CPU
		{400B7E49-8D52-43AE-8C0A-2F6D2B8962F3}.Debug|Any CPU.Build.0 = Debug|Any CPU
		{400B7E49-8D52-43AE-8C0A-2F6D2B8962F3}.Debug|x64.ActiveCfg = Debug|Any CPU
		{400B7E49-8D52-43AE-8C0A-2F6D2B8962F3}.Debug|x64.Build.0 = Debug|Any CPU
		{400B7E49-8D52-43AE-8C0A-2F6D2B8962F3}.Debug|x86.ActiveCfg = Debug|Any CPU
		{400B7E49-8D52-43AE-8C0A-2F6D2B8962F3}.Debug|x86.Build.0 = Debug|Any CPU
		{400B7E49-8D52-43AE-8C0A-2F6D2B8962F3}.Release|Any CPU.ActiveCfg = Release|Any CPU
		{400B7E49-8D52-43AE-8C0A-2F6D2B8962F3}.Release|Any CPU.Build.0 = Release|Any CPU
		{400B7E49-8D52-43AE-8C0A-2F6D2B8962F3}.Release|x64.ActiveCfg = Release|Any CPU
		{400B7E49-8D52-43AE-8C0A-2F6D2B8962F3}.Release|x64.Build.0 = Release|Any CPU
		{400B7E49-8D52-43AE-8C0A-2F6D2B8962F3}.Release|x86.ActiveCfg = Release|Any CPU
		{400B7E49-8D52-43AE-8C0A-2F6D2B8962F3}.Release|x86.Build.0 = Release|Any CPU
		{FC289A8E-30B8-4F16-B1AB-082F8B5CEF5C}.Debug|Any CPU.ActiveCfg = Debug|Any CPU
		{FC289A8E-30B8-4F16-B1AB-082F8B5CEF5C}.Debug|Any CPU.Build.0 = Debug|Any CPU
		{FC289A8E-30B8-4F16-B1AB-082F8B5CEF5C}.Debug|x64.ActiveCfg = Debug|Any CPU
		{FC289A8E-30B8-4F16-B1AB-082F8B5CEF5C}.Debug|x64.Build.0 = Debug|Any CPU
		{FC289A8E-30B8-4F16-B1AB-082F8B5CEF5C}.Debug|x86.ActiveCfg = Debug|Any CPU
		{FC289A8E-30B8-4F16-B1AB-082F8B5CEF5C}.Debug|x86.Build.0 = Debug|Any CPU
		{FC289A8E-30B8-4F16-B1AB-082F8B5CEF5C}.Release|Any CPU.ActiveCfg = Release|Any CPU
		{FC289A8E-30B8-4F16-B1AB-082F8B5CEF5C}.Release|Any CPU.Build.0 = Release|Any CPU
		{FC289A8E-30B8-4F16-B1AB-082F8B5CEF5C}.Release|x64.ActiveCfg = Release|Any CPU
		{FC289A8E-30B8-4F16-B1AB-082F8B5CEF5C}.Release|x64.Build.0 = Release|Any CPU
		{FC289A8E-30B8-4F16-B1AB-082F8B5CEF5C}.Release|x86.ActiveCfg = Release|Any CPU
		{FC289A8E-30B8-4F16-B1AB-082F8B5CEF5C}.Release|x86.Build.0 = Release|Any CPU
	EndGlobalSection
	GlobalSection(SolutionProperties) = preSolution
		HideSolutionNode = FALSE
	EndGlobalSection
	GlobalSection(ExtensibilityGlobals) = postSolution
		SolutionGuid = {76CCD6D6-4DC2-455D-8376-1FC7C5EEF95B}
	EndGlobalSection
EndGlobal
