
Microsoft Visual Studio Solution File, Format Version 12.00
# Visual Studio Version 16
VisualStudioVersion = 16.0.30517.126
MinimumVisualStudioVersion = 10.0.40219.1
Project("{FAE04EC0-301F-11D3-BF4B-00C04F79EFBC}") = "aautil", "aautil\aautil.csproj", "{C2922F52-A97E-45DB-8547-FA96313D725C}"
EndProject
Project("{FAE04EC0-301F-11D3-BF4B-00C04F79EFBC}") = "aautil.UnitTest", "aautil.UnitTest\aautil.UnitTest.csproj", "{826EC0C2-F93E-4DEE-9127-03F504C6C2C7}"
EndProject
Global
	GlobalSection(SolutionConfigurationPlatforms) = preSolution
		Debug|Any CPU = Debug|Any CPU
		Release|Any CPU = Release|Any CPU
	EndGlobalSection
	GlobalSection(ProjectConfigurationPlatforms) = postSolution
		{C2922F52-A97E-45DB-8547-FA96313D725C}.Debug|Any CPU.ActiveCfg = Debug|Any CPU
		{C2922F52-A97E-45DB-8547-FA96313D725C}.Debug|Any CPU.Build.0 = Debug|Any CPU
		{C2922F52-A97E-45DB-8547-FA96313D725C}.Release|Any CPU.ActiveCfg = Release|Any CPU
		{C2922F52-A97E-45DB-8547-FA96313D725C}.Release|Any CPU.Build.0 = Release|Any CPU
		{826EC0C2-F93E-4DEE-9127-03F504C6C2C7}.Debug|Any CPU.ActiveCfg = Debug|Any CPU
		{826EC0C2-F93E-4DEE-9127-03F504C6C2C7}.Debug|Any CPU.Build.0 = Debug|Any CPU
		{826EC0C2-F93E-4DEE-9127-03F504C6C2C7}.Release|Any CPU.ActiveCfg = Release|Any CPU
		{826EC0C2-F93E-4DEE-9127-03F504C6C2C7}.Release|Any CPU.Build.0 = Release|Any CPU
	EndGlobalSection
	GlobalSection(SolutionProperties) = preSolution
		HideSolutionNode = FALSE
	EndGlobalSection
	GlobalSection(ExtensibilityGlobals) = postSolution
		SolutionGuid = {76CCD6D6-4DC2-455D-8376-1FC7C5EEF95B}
	EndGlobalSection
EndGlobal
